
Microsoft Visual Studio Solution File, Format Version 12.00
# Visual Studio Version 17
VisualStudioVersion = 17.13.35931.197
MinimumVisualStudioVersion = 10.0.40219.1
Project("{FAE04EC0-301F-11D3-BF4B-00C04F79EFBC}") = "Labour.MS.Adapter.Api", "Labour.MS.Adapter.Api\Labour.MS.Adapter.Api.csproj", "{C090397D-F0B0-4E8B-A5E4-2E1AF5B10B5C}"
EndProject
Project("{FAE04EC0-301F-11D3-BF4B-00C04F79EFBC}") = "Labour.MS.Adapter.Models", "Labour.MS.Adapter.Models\Labour.MS.Adapter.Models.csproj", "{AF0400D8-AC71-4509-82A2-AE1386B4E09D}"
EndProject
Project("{FAE04EC0-301F-11D3-BF4B-00C04F79EFBC}") = "Labour.MS.Adapter.Repository", "Labour.MS.Adapter.Repository\Labour.MS.Adapter.Repository.csproj", "{2AFEDAD8-0701-44A3-A358-CB513D23E7E9}"
EndProject
Project("{FAE04EC0-301F-11D3-BF4B-00C04F79EFBC}") = "Labour.MS.Adapter.Service", "Labour.MS.Adapter.Service\Labour.MS.Adapter.Service.csproj", "{2838E4FF-166C-4124-A050-1F0D5C35D9DB}"
EndProject
Project("{FAE04EC0-301F-11D3-BF4B-00C04F79EFBC}") = "Labour.MS.Adapter.Utility", "Labour.MS.Adapter.Utility\Labour.MS.Adapter.Utility.csproj", "{62CFD9EE-DF73-44EA-AF68-B12AC66DD119}"
EndProject
Global
	GlobalSection(SolutionConfigurationPlatforms) = preSolution
		Debug|Any CPU = Debug|Any CPU
		Release|Any CPU = Release|Any CPU
	EndGlobalSection
	GlobalSection(ProjectConfigurationPlatforms) = postSolution
		{C090397D-F0B0-4E8B-A5E4-2E1AF5B10B5C}.Debug|Any CPU.ActiveCfg = Debug|Any CPU
		{C090397D-F0B0-4E8B-A5E4-2E1AF5B10B5C}.Debug|Any CPU.Build.0 = Debug|Any CPU
		{C090397D-F0B0-4E8B-A5E4-2E1AF5B10B5C}.Release|Any CPU.ActiveCfg = Release|Any CPU
		{C090397D-F0B0-4E8B-A5E4-2E1AF5B10B5C}.Release|Any CPU.Build.0 = Release|Any CPU
		{AF0400D8-AC71-4509-82A2-AE1386B4E09D}.Debug|Any CPU.ActiveCfg = Debug|Any CPU
		{AF0400D8-AC71-4509-82A2-AE1386B4E09D}.Debug|Any CPU.Build.0 = Debug|Any CPU
		{AF0400D8-AC71-4509-82A2-AE1386B4E09D}.Release|Any CPU.ActiveCfg = Release|Any CPU
		{AF0400D8-AC71-4509-82A2-AE1386B4E09D}.Release|Any CPU.Build.0 = Release|Any CPU
		{2AFEDAD8-0701-44A3-A358-CB513D23E7E9}.Debug|Any CPU.ActiveCfg = Debug|Any CPU
		{2AFEDAD8-0701-44A3-A358-CB513D23E7E9}.Debug|Any CPU.Build.0 = Debug|Any CPU
		{2AFEDAD8-0701-44A3-A358-CB513D23E7E9}.Release|Any CPU.ActiveCfg = Release|Any CPU
		{2AFEDAD8-0701-44A3-A358-CB513D23E7E9}.Release|Any CPU.Build.0 = Release|Any CPU
		{2838E4FF-166C-4124-A050-1F0D5C35D9DB}.Debug|Any CPU.ActiveCfg = Debug|Any CPU
		{2838E4FF-166C-4124-A050-1F0D5C35D9DB}.Debug|Any CPU.Build.0 = Debug|Any CPU
		{2838E4FF-166C-4124-A050-1F0D5C35D9DB}.Release|Any CPU.ActiveCfg = Release|Any CPU
		{2838E4FF-166C-4124-A050-1F0D5C35D9DB}.Release|Any CPU.Build.0 = Release|Any CPU
		{62CFD9EE-DF73-44EA-AF68-B12AC66DD119}.Debug|Any CPU.ActiveCfg = Debug|Any CPU
		{62CFD9EE-DF73-44EA-AF68-B12AC66DD119}.Debug|Any CPU.Build.0 = Debug|Any CPU
		{62CFD9EE-DF73-44EA-AF68-B12AC66DD119}.Release|Any CPU.ActiveCfg = Release|Any CPU
		{62CFD9EE-DF73-44EA-AF68-B12AC66DD119}.Release|Any CPU.Build.0 = Release|Any CPU
	EndGlobalSection
	GlobalSection(SolutionProperties) = preSolution
		HideSolutionNode = FALSE
	EndGlobalSection
	GlobalSection(ExtensibilityGlobals) = postSolution
		SolutionGuid = {F4098507-E5C6-4555-AA68-3ABFEA472669}
	EndGlobalSection
EndGlobal
